
Microsoft Visual Studio Solution File, Format Version 12.00
Project("{FAE04EC0-301F-11D3-BF4B-00C04F79EFBC}") = "seda-api", "seda-api\seda-api.csproj", "{D4FC9735-276F-4C03-820A-163137175457}"
EndProject
Project("{FAE04EC0-301F-11D3-BF4B-00C04F79EFBC}") = "seda-bll", "seda-bll\seda-bll.csproj", "{836F82B4-FBDA-44C5-BB1E-B676AD4CA5D5}"
EndProject
Project("{FAE04EC0-301F-11D3-BF4B-00C04F79EFBC}") = "seda-dll", "seda-dll\seda-dll.csproj", "{D31CB661-D8ED-4E7F-9776-099ED7FBA119}"
EndProject
Project("{FAE04EC0-301F-11D3-BF4B-00C04F79EFBC}") = "seda-dll-es", "seda-dll-es\seda-dll-es.csproj", "{A5E24D2B-DFC2-4BA8-A680-9E0623AC381D}"
EndProject
Global
	GlobalSection(SolutionConfigurationPlatforms) = preSolution
		Debug|Any CPU = Debug|Any CPU
		Release|Any CPU = Release|Any CPU
	EndGlobalSection
	GlobalSection(ProjectConfigurationPlatforms) = postSolution
		{D4FC9735-276F-4C03-820A-163137175457}.Debug|Any CPU.ActiveCfg = Debug|Any CPU
		{D4FC9735-276F-4C03-820A-163137175457}.Debug|Any CPU.Build.0 = Debug|Any CPU
		{D4FC9735-276F-4C03-820A-163137175457}.Release|Any CPU.ActiveCfg = Release|Any CPU
		{D4FC9735-276F-4C03-820A-163137175457}.Release|Any CPU.Build.0 = Release|Any CPU
		{836F82B4-FBDA-44C5-BB1E-B676AD4CA5D5}.Debug|Any CPU.ActiveCfg = Debug|Any CPU
		{836F82B4-FBDA-44C5-BB1E-B676AD4CA5D5}.Debug|Any CPU.Build.0 = Debug|Any CPU
		{836F82B4-FBDA-44C5-BB1E-B676AD4CA5D5}.Release|Any CPU.ActiveCfg = Release|Any CPU
		{836F82B4-FBDA-44C5-BB1E-B676AD4CA5D5}.Release|Any CPU.Build.0 = Release|Any CPU
		{D31CB661-D8ED-4E7F-9776-099ED7FBA119}.Debug|Any CPU.ActiveCfg = Debug|Any CPU
		{D31CB661-D8ED-4E7F-9776-099ED7FBA119}.Debug|Any CPU.Build.0 = Debug|Any CPU
		{D31CB661-D8ED-4E7F-9776-099ED7FBA119}.Release|Any CPU.ActiveCfg = Release|Any CPU
		{D31CB661-D8ED-4E7F-9776-099ED7FBA119}.Release|Any CPU.Build.0 = Release|Any CPU
		{A5E24D2B-DFC2-4BA8-A680-9E0623AC381D}.Debug|Any CPU.ActiveCfg = Debug|Any CPU
		{A5E24D2B-DFC2-4BA8-A680-9E0623AC381D}.Debug|Any CPU.Build.0 = Debug|Any CPU
		{A5E24D2B-DFC2-4BA8-A680-9E0623AC381D}.Release|Any CPU.ActiveCfg = Release|Any CPU
		{A5E24D2B-DFC2-4BA8-A680-9E0623AC381D}.Release|Any CPU.Build.0 = Release|Any CPU
	EndGlobalSection
EndGlobal
